
Microsoft Visual Studio Solution File, Format Version 12.00
# Visual Studio Version 17
VisualStudioVersion = 17.14.36414.22
MinimumVisualStudioVersion = 10.0.40219.1
Project("{2150E333-8FDC-42A3-9474-1A3956D46DE8}") = "Task0", "Task0", "{02EA681E-C7D8-13C7-8484-4AC65E1B71E8}"
EndProject
Project("{FAE04EC0-301F-11D3-BF4B-00C04F79EFBC}") = "Tyuiu.KarpenkoAL.Sprint2.Task0.V18", "Tyuiu.KarpenkoAL.Sprint2.Task0.V18\Tyuiu.KarpenkoAL.Sprint2.Task0.V18.csproj", "{C945135D-8FDC-4FAF-A029-B666ADBEB129}"
EndProject
Project("{FAE04EC0-301F-11D3-BF4B-00C04F79EFBC}") = "Tyuiu.KarpenkoAL.Sprint2.Task0.V18.Lib", "Tyuiu.KarpenkoAL.Sprint2.Task0.V18.Lib\Tyuiu.KarpenkoAL.Sprint2.Task0.V18.Lib.csproj", "{EF331EA3-7412-4195-AE0A-475C61894134}"
EndProject
Project("{FAE04EC0-301F-11D3-BF4B-00C04F79EFBC}") = "Tyuiu.KarpenkoAL.Sprint2.Task0.V18.Test", "Tyuiu.KarpenkoAL.Sprint2.Task0.V18.Test\Tyuiu.KarpenkoAL.Sprint2.Task0.V18.Test.csproj", "{56BEE950-043E-49BA-8B9D-EC9CB03628BB}"
EndProject
Project("{2150E333-8FDC-42A3-9474-1A3956D46DE8}") = "Task1", "Task1", "{08A43AEE-6098-493D-BAD3-4DF5AE034A3F}"
EndProject
Project("{FAE04EC0-301F-11D3-BF4B-00C04F79EFBC}") = "Tyuiu.KarpenkoAL.Sprint2.Task1.V29", "Tyuiu.KarpenkoAL.Sprint2.Task1.V29\Tyuiu.KarpenkoAL.Sprint2.Task1.V29.csproj", "{475026F3-3415-432F-AB60-F98F18A3E706}"
EndProject
Project("{FAE04EC0-301F-11D3-BF4B-00C04F79EFBC}") = "Tyuiu.KarpenkoAL.Sprint2.Task1.V29.Lib", "Tyuiu.KarpenkoAL.Sprint2.Task1.V29.Lib\Tyuiu.KarpenkoAL.Sprint2.Task1.V29.Lib.csproj", "{4C8734EA-3303-47F0-A216-3C096B8761E8}"
EndProject
Project("{FAE04EC0-301F-11D3-BF4B-00C04F79EFBC}") = "Tyuiu.KarpenkoAL.Sprint2.Task1.V29.Test", "Tyuiu.KarpenkoAL.Sprint2.Task1.V29.Test\Tyuiu.KarpenkoAL.Sprint2.Task1.V29.Test.csproj", "{7DC45453-4934-439B-991F-0303E41D9C51}"
EndProject
Project("{2150E333-8FDC-42A3-9474-1A3956D46DE8}") = "Task2", "Task2", "{D5EBCCD9-941B-409E-9393-0E879E3205A8}"
EndProject
Project("{FAE04EC0-301F-11D3-BF4B-00C04F79EFBC}") = "Tyuiu.KarpenkoAL.Sprint2.Task2.V6", "Tyuiu.KarpenkoAL.Sprint2.Task2.V6\Tyuiu.KarpenkoAL.Sprint2.Task2.V6.csproj", "{559E5409-FD5E-498A-A7D2-86FC1F989035}"
EndProject
Project("{FAE04EC0-301F-11D3-BF4B-00C04F79EFBC}") = "Tyuiu.KarpenkoAL.Sprint2.Task2.V6.Lib", "Tyuiu.KarpenkoAL.Sprint2.Task2.V6.Lib\Tyuiu.KarpenkoAL.Sprint2.Task2.V6.Lib.csproj", "{A08C839A-3069-4AF2-956C-D9C5537BA542}"
EndProject
Project("{FAE04EC0-301F-11D3-BF4B-00C04F79EFBC}") = "Tyuiu.KarpenkoAL.Sprint2.Task2.V6.Test", "Tyuiu.KarpenkoAL.Sprint2.Task2.V6.Test\Tyuiu.KarpenkoAL.Sprint2.Task2.V6.Test.csproj", "{4131738C-5DCB-491D-8A6A-F32D6D125808}"
EndProject
Project("{2150E333-8FDC-42A3-9474-1A3956D46DE8}") = "Task3", "Task3", "{B750FFF1-B786-4513-8708-247A12323E7A}"
EndProject
Project("{FAE04EC0-301F-11D3-BF4B-00C04F79EFBC}") = "Tyuiu.KarpenkoAL.Sprint2.Task3.V2", "Tyuiu.KarpenkoAL.Sprint2.Task3.V2\Tyuiu.KarpenkoAL.Sprint2.Task3.V2.csproj", "{F5C6B9D9-D50C-4C1A-9DD3-39EE078A525F}"
EndProject
Project("{FAE04EC0-301F-11D3-BF4B-00C04F79EFBC}") = "Tyuiu.KarpenkoAL.Sprint2.Task3.V2.Lib", "Tyuiu.KarpenkoAL.Sprint2.Task3.V2.Lib\Tyuiu.KarpenkoAL.Sprint2.Task3.V2.Lib.csproj", "{74462AFB-86BA-4C32-9834-414CEE94FB77}"
EndProject
Project("{FAE04EC0-301F-11D3-BF4B-00C04F79EFBC}") = "Tyuiu.KarpenkoAL.Sprint2.Task3.V2.Test", "Tyuiu.KarpenkoAL.Sprint2.Task3.V2.Test\Tyuiu.KarpenkoAL.Sprint2.Task3.V2.Test.csproj", "{0D8105F6-6D5F-42F4-822C-EF28892DF6BB}"
EndProject
Global
	GlobalSection(SolutionConfigurationPlatforms) = preSolution
		Debug|Any CPU = Debug|Any CPU
		Release|Any CPU = Release|Any CPU
	EndGlobalSection
	GlobalSection(ProjectConfigurationPlatforms) = postSolution
		{C945135D-8FDC-4FAF-A029-B666ADBEB129}.Debug|Any CPU.ActiveCfg = Debug|Any CPU
		{C945135D-8FDC-4FAF-A029-B666ADBEB129}.Debug|Any CPU.Build.0 = Debug|Any CPU
		{C945135D-8FDC-4FAF-A029-B666ADBEB129}.Release|Any CPU.ActiveCfg = Release|Any CPU
		{C945135D-8FDC-4FAF-A029-B666ADBEB129}.Release|Any CPU.Build.0 = Release|Any CPU
		{EF331EA3-7412-4195-AE0A-475C61894134}.Debug|Any CPU.ActiveCfg = Debug|Any CPU
		{EF331EA3-7412-4195-AE0A-475C61894134}.Debug|Any CPU.Build.0 = Debug|Any CPU
		{EF331EA3-7412-4195-AE0A-475C61894134}.Release|Any CPU.ActiveCfg = Release|Any CPU
		{EF331EA3-7412-4195-AE0A-475C61894134}.Release|Any CPU.Build.0 = Release|Any CPU
		{56BEE950-043E-49BA-8B9D-EC9CB03628BB}.Debug|Any CPU.ActiveCfg = Debug|Any CPU
		{56BEE950-043E-49BA-8B9D-EC9CB03628BB}.Debug|Any CPU.Build.0 = Debug|Any CPU
		{56BEE950-043E-49BA-8B9D-EC9CB03628BB}.Release|Any CPU.ActiveCfg = Release|Any CPU
		{56BEE950-043E-49BA-8B9D-EC9CB03628BB}.Release|Any CPU.Build.0 = Release|Any CPU
		{475026F3-3415-432F-AB60-F98F18A3E706}.Debug|Any CPU.ActiveCfg = Debug|Any CPU
		{475026F3-3415-432F-AB60-F98F18A3E706}.Debug|Any CPU.Build.0 = Debug|Any CPU
		{475026F3-3415-432F-AB60-F98F18A3E706}.Release|Any CPU.ActiveCfg = Release|Any CPU
		{475026F3-3415-432F-AB60-F98F18A3E706}.Release|Any CPU.Build.0 = Release|Any CPU
		{4C8734EA-3303-47F0-A216-3C096B8761E8}.Debug|Any CPU.ActiveCfg = Debug|Any CPU
		{4C8734EA-3303-47F0-A216-3C096B8761E8}.Debug|Any CPU.Build.0 = Debug|Any CPU
		{4C8734EA-3303-47F0-A216-3C096B8761E8}.Release|Any CPU.ActiveCfg = Release|Any CPU
		{4C8734EA-3303-47F0-A216-3C096B8761E8}.Release|Any CPU.Build.0 = Release|Any CPU
		{7DC45453-4934-439B-991F-0303E41D9C51}.Debug|Any CPU.ActiveCfg = Debug|Any CPU
		{7DC45453-4934-439B-991F-0303E41D9C51}.Debug|Any CPU.Build.0 = Debug|Any CPU
		{7DC45453-4934-439B-991F-0303E41D9C51}.Release|Any CPU.ActiveCfg = Release|Any CPU
		{7DC45453-4934-439B-991F-0303E41D9C51}.Release|Any CPU.Build.0 = Release|Any CPU
		{559E5409-FD5E-498A-A7D2-86FC1F989035}.Debug|Any CPU.ActiveCfg = Debug|Any CPU
		{559E5409-FD5E-498A-A7D2-86FC1F989035}.Debug|Any CPU.Build.0 = Debug|Any CPU
		{559E5409-FD5E-498A-A7D2-86FC1F989035}.Release|Any CPU.ActiveCfg = Release|Any CPU
		{559E5409-FD5E-498A-A7D2-86FC1F989035}.Release|Any CPU.Build.0 = Release|Any CPU
		{A08C839A-3069-4AF2-956C-D9C5537BA542}.Debug|Any CPU.ActiveCfg = Debug|Any CPU
		{A08C839A-3069-4AF2-956C-D9C5537BA542}.Debug|Any CPU.Build.0 = Debug|Any CPU
		{A08C839A-3069-4AF2-956C-D9C5537BA542}.Release|Any CPU.ActiveCfg = Release|Any CPU
		{A08C839A-3069-4AF2-956C-D9C5537BA542}.Release|Any CPU.Build.0 = Release|Any CPU
		{4131738C-5DCB-491D-8A6A-F32D6D125808}.Debug|Any CPU.ActiveCfg = Debug|Any CPU
		{4131738C-5DCB-491D-8A6A-F32D6D125808}.Debug|Any CPU.Build.0 = Debug|Any CPU
		{4131738C-5DCB-491D-8A6A-F32D6D125808}.Release|Any CPU.ActiveCfg = Release|Any CPU
		{4131738C-5DCB-491D-8A6A-F32D6D125808}.Release|Any CPU.Build.0 = Release|Any CPU
		{F5C6B9D9-D50C-4C1A-9DD3-39EE078A525F}.Debug|Any CPU.ActiveCfg = Debug|Any CPU
		{F5C6B9D9-D50C-4C1A-9DD3-39EE078A525F}.Debug|Any CPU.Build.0 = Debug|Any CPU
		{F5C6B9D9-D50C-4C1A-9DD3-39EE078A525F}.Release|Any CPU.ActiveCfg = Release|Any CPU
		{F5C6B9D9-D50C-4C1A-9DD3-39EE078A525F}.Release|Any CPU.Build.0 = Release|Any CPU
		{74462AFB-86BA-4C32-9834-414CEE94FB77}.Debug|Any CPU.ActiveCfg = Debug|Any CPU
		{74462AFB-86BA-4C32-9834-414CEE94FB77}.Debug|Any CPU.Build.0 = Debug|Any CPU
		{74462AFB-86BA-4C32-9834-414CEE94FB77}.Release|Any CPU.ActiveCfg = Release|Any CPU
		{74462AFB-86BA-4C32-9834-414CEE94FB77}.Release|Any CPU.Build.0 = Release|Any CPU
		{0D8105F6-6D5F-42F4-822C-EF28892DF6BB}.Debug|Any CPU.ActiveCfg = Debug|Any CPU
		{0D8105F6-6D5F-42F4-822C-EF28892DF6BB}.Debug|Any CPU.Build.0 = Debug|Any CPU
		{0D8105F6-6D5F-42F4-822C-EF28892DF6BB}.Release|Any CPU.ActiveCfg = Release|Any CPU
		{0D8105F6-6D5F-42F4-822C-EF28892DF6BB}.Release|Any CPU.Build.0 = Release|Any CPU
	EndGlobalSection
	GlobalSection(SolutionProperties) = preSolution
		HideSolutionNode = FALSE
	EndGlobalSection
	GlobalSection(NestedProjects) = preSolution
		{C945135D-8FDC-4FAF-A029-B666ADBEB129} = {02EA681E-C7D8-13C7-8484-4AC65E1B71E8}
		{EF331EA3-7412-4195-AE0A-475C61894134} = {02EA681E-C7D8-13C7-8484-4AC65E1B71E8}
		{56BEE950-043E-49BA-8B9D-EC9CB03628BB} = {02EA681E-C7D8-13C7-8484-4AC65E1B71E8}
		{475026F3-3415-432F-AB60-F98F18A3E706} = {08A43AEE-6098-493D-BAD3-4DF5AE034A3F}
		{4C8734EA-3303-47F0-A216-3C096B8761E8} = {08A43AEE-6098-493D-BAD3-4DF5AE034A3F}
		{7DC45453-4934-439B-991F-0303E41D9C51} = {08A43AEE-6098-493D-BAD3-4DF5AE034A3F}
		{559E5409-FD5E-498A-A7D2-86FC1F989035} = {D5EBCCD9-941B-409E-9393-0E879E3205A8}
		{A08C839A-3069-4AF2-956C-D9C5537BA542} = {D5EBCCD9-941B-409E-9393-0E879E3205A8}
		{4131738C-5DCB-491D-8A6A-F32D6D125808} = {D5EBCCD9-941B-409E-9393-0E879E3205A8}
		{F5C6B9D9-D50C-4C1A-9DD3-39EE078A525F} = {B750FFF1-B786-4513-8708-247A12323E7A}
		{74462AFB-86BA-4C32-9834-414CEE94FB77} = {B750FFF1-B786-4513-8708-247A12323E7A}
		{0D8105F6-6D5F-42F4-822C-EF28892DF6BB} = {B750FFF1-B786-4513-8708-247A12323E7A}
	EndGlobalSection
	GlobalSection(ExtensibilityGlobals) = postSolution
		SolutionGuid = {1A40B1D5-837E-4314-873F-0323B1F58DE4}
	EndGlobalSection
EndGlobal
